
Microsoft Visual Studio Solution File, Format Version 12.00
# Visual Studio Version 17
VisualStudioVersion = 17.5.002.0
MinimumVisualStudioVersion = 10.0.40219.1
Project("{9A19103F-16F7-4668-BE54-9A1E7A4F7556}") = "HelloWorld", "HelloWorld\HelloWorld.csproj", "{A50AA901-A32C-423B-87E5-83ADD72F9D33}"
EndProject
Project("{2150E333-8FDC-42A3-9474-1A3956D46DE8}") = "HelloWorld (1)", "HelloWorld", "{D4BA8474-42D5-4B0E-BC9C-4BC86FE55EF0}"
EndProject
Project("{2150E333-8FDC-42A3-9474-1A3956D46DE8}") = "Kapitel-1", "Kapitel-1", "{4FFFFE5A-3571-4E1D-ABC4-DD36C8ACAFAC}"
EndProject
Project("{9A19103F-16F7-4668-BE54-9A1E7A4F7556}") = "Lucktext", "HelloWorld\Kapitel-1\Lucktext\Lucktext.csproj", "{A27D2ED3-8B42-4764-89B7-4FB6FA66B7DE}"
EndProject
Project("{9A19103F-16F7-4668-BE54-9A1E7A4F7556}") = "Registrering", "HelloWorld\Kapitel-1\Registrering\Registrering.csproj", "{6536F8BF-CBA5-4920-B87B-ABA76C50F0B9}"
EndProject
Project("{2150E333-8FDC-42A3-9474-1A3956D46DE8}") = "Kapitel-3", "Kapitel-3", "{741222B7-44DF-473D-8ABA-2409EB08F70E}"
EndProject
Project("{9A19103F-16F7-4668-BE54-9A1E7A4F7556}") = "EngChart", "HelloWorld\Kapitel-3\EngChart\EngChart.csproj", "{BD1C51A0-3E4E-4127-9288-DCCA0EF53220}"
EndProject
Project("{9A19103F-16F7-4668-BE54-9A1E7A4F7556}") = "InteravtivStory", "HelloWorld\Kapitel-3\InteravtivStory\InteravtivStory.csproj", "{CC8B7770-90E5-4D39-A2E2-D7EEDD94EEB2}"
EndProject
Global
	GlobalSection(SolutionConfigurationPlatforms) = preSolution
		Debug|Any CPU = Debug|Any CPU
		Release|Any CPU = Release|Any CPU
	EndGlobalSection
	GlobalSection(ProjectConfigurationPlatforms) = postSolution
		{A50AA901-A32C-423B-87E5-83ADD72F9D33}.Debug|Any CPU.ActiveCfg = Debug|Any CPU
		{A50AA901-A32C-423B-87E5-83ADD72F9D33}.Debug|Any CPU.Build.0 = Debug|Any CPU
		{A50AA901-A32C-423B-87E5-83ADD72F9D33}.Release|Any CPU.ActiveCfg = Release|Any CPU
		{A50AA901-A32C-423B-87E5-83ADD72F9D33}.Release|Any CPU.Build.0 = Release|Any CPU
		{A27D2ED3-8B42-4764-89B7-4FB6FA66B7DE}.Debug|Any CPU.ActiveCfg = Debug|Any CPU
		{A27D2ED3-8B42-4764-89B7-4FB6FA66B7DE}.Debug|Any CPU.Build.0 = Debug|Any CPU
		{A27D2ED3-8B42-4764-89B7-4FB6FA66B7DE}.Release|Any CPU.ActiveCfg = Release|Any CPU
		{A27D2ED3-8B42-4764-89B7-4FB6FA66B7DE}.Release|Any CPU.Build.0 = Release|Any CPU
		{6536F8BF-CBA5-4920-B87B-ABA76C50F0B9}.Debug|Any CPU.ActiveCfg = Debug|Any CPU
		{6536F8BF-CBA5-4920-B87B-ABA76C50F0B9}.Debug|Any CPU.Build.0 = Debug|Any CPU
		{6536F8BF-CBA5-4920-B87B-ABA76C50F0B9}.Release|Any CPU.ActiveCfg = Release|Any CPU
		{6536F8BF-CBA5-4920-B87B-ABA76C50F0B9}.Release|Any CPU.Build.0 = Release|Any CPU
		{BD1C51A0-3E4E-4127-9288-DCCA0EF53220}.Debug|Any CPU.ActiveCfg = Debug|Any CPU
		{BD1C51A0-3E4E-4127-9288-DCCA0EF53220}.Debug|Any CPU.Build.0 = Debug|Any CPU
		{BD1C51A0-3E4E-4127-9288-DCCA0EF53220}.Release|Any CPU.ActiveCfg = Release|Any CPU
		{BD1C51A0-3E4E-4127-9288-DCCA0EF53220}.Release|Any CPU.Build.0 = Release|Any CPU
		{CC8B7770-90E5-4D39-A2E2-D7EEDD94EEB2}.Debug|Any CPU.ActiveCfg = Debug|Any CPU
		{CC8B7770-90E5-4D39-A2E2-D7EEDD94EEB2}.Debug|Any CPU.Build.0 = Debug|Any CPU
		{CC8B7770-90E5-4D39-A2E2-D7EEDD94EEB2}.Release|Any CPU.ActiveCfg = Release|Any CPU
		{CC8B7770-90E5-4D39-A2E2-D7EEDD94EEB2}.Release|Any CPU.Build.0 = Release|Any CPU
	EndGlobalSection
	GlobalSection(SolutionProperties) = preSolution
		HideSolutionNode = FALSE
	EndGlobalSection
	GlobalSection(NestedProjects) = preSolution
		{4FFFFE5A-3571-4E1D-ABC4-DD36C8ACAFAC} = {D4BA8474-42D5-4B0E-BC9C-4BC86FE55EF0}
		{A27D2ED3-8B42-4764-89B7-4FB6FA66B7DE} = {4FFFFE5A-3571-4E1D-ABC4-DD36C8ACAFAC}
		{6536F8BF-CBA5-4920-B87B-ABA76C50F0B9} = {4FFFFE5A-3571-4E1D-ABC4-DD36C8ACAFAC}
		{741222B7-44DF-473D-8ABA-2409EB08F70E} = {D4BA8474-42D5-4B0E-BC9C-4BC86FE55EF0}
		{BD1C51A0-3E4E-4127-9288-DCCA0EF53220} = {741222B7-44DF-473D-8ABA-2409EB08F70E}
		{CC8B7770-90E5-4D39-A2E2-D7EEDD94EEB2} = {741222B7-44DF-473D-8ABA-2409EB08F70E}
	EndGlobalSection
	GlobalSection(ExtensibilityGlobals) = postSolution
		SolutionGuid = {A2D05A8F-A5FB-488B-BA10-81502F29D662}
	EndGlobalSection
EndGlobal
