
Microsoft Visual Studio Solution File, Format Version 12.00
# Visual Studio Version 17
VisualStudioVersion = 17.5.002.0
MinimumVisualStudioVersion = 10.0.40219.1
Project("{9A19103F-16F7-4668-BE54-9A1E7A4F7556}") = "HelloWorld", "HelloWorld\HelloWorld.csproj", "{D364BB3F-CB63-4BB6-857B-A0A32B3F7C36}"
EndProject
Project("{2150E333-8FDC-42A3-9474-1A3956D46DE8}") = "HelloWorld (1)", "HelloWorld", "{0A89045B-8AFB-4259-960F-885B8086AD64}"
EndProject
Project("{2150E333-8FDC-42A3-9474-1A3956D46DE8}") = "Kapitel-1", "Kapitel-1", "{735FA218-B2FB-486A-9505-EBB49A5FF88A}"
EndProject
Project("{9A19103F-16F7-4668-BE54-9A1E7A4F7556}") = "Lucktext", "HelloWorld\Kapitel-1\Lucktext\Lucktext.csproj", "{95CF4E27-44D0-4664-9C50-CA9155A21843}"
EndProject
Project("{9A19103F-16F7-4668-BE54-9A1E7A4F7556}") = "Registrering", "HelloWorld\Kapitel-1\Registrering\Registrering.csproj", "{F8E4BAB3-9DCA-4863-9AE8-A9B46AE75B19}"
EndProject
Global
	GlobalSection(SolutionConfigurationPlatforms) = preSolution
		Debug|Any CPU = Debug|Any CPU
		Release|Any CPU = Release|Any CPU
	EndGlobalSection
	GlobalSection(ProjectConfigurationPlatforms) = postSolution
		{D364BB3F-CB63-4BB6-857B-A0A32B3F7C36}.Debug|Any CPU.ActiveCfg = Debug|Any CPU
		{D364BB3F-CB63-4BB6-857B-A0A32B3F7C36}.Debug|Any CPU.Build.0 = Debug|Any CPU
		{D364BB3F-CB63-4BB6-857B-A0A32B3F7C36}.Release|Any CPU.ActiveCfg = Release|Any CPU
		{D364BB3F-CB63-4BB6-857B-A0A32B3F7C36}.Release|Any CPU.Build.0 = Release|Any CPU
		{95CF4E27-44D0-4664-9C50-CA9155A21843}.Debug|Any CPU.ActiveCfg = Debug|Any CPU
		{95CF4E27-44D0-4664-9C50-CA9155A21843}.Debug|Any CPU.Build.0 = Debug|Any CPU
		{95CF4E27-44D0-4664-9C50-CA9155A21843}.Release|Any CPU.ActiveCfg = Release|Any CPU
		{95CF4E27-44D0-4664-9C50-CA9155A21843}.Release|Any CPU.Build.0 = Release|Any CPU
		{F8E4BAB3-9DCA-4863-9AE8-A9B46AE75B19}.Debug|Any CPU.ActiveCfg = Debug|Any CPU
		{F8E4BAB3-9DCA-4863-9AE8-A9B46AE75B19}.Debug|Any CPU.Build.0 = Debug|Any CPU
		{F8E4BAB3-9DCA-4863-9AE8-A9B46AE75B19}.Release|Any CPU.ActiveCfg = Release|Any CPU
		{F8E4BAB3-9DCA-4863-9AE8-A9B46AE75B19}.Release|Any CPU.Build.0 = Release|Any CPU
	EndGlobalSection
	GlobalSection(SolutionProperties) = preSolution
		HideSolutionNode = FALSE
	EndGlobalSection
	GlobalSection(NestedProjects) = preSolution
		{735FA218-B2FB-486A-9505-EBB49A5FF88A} = {0A89045B-8AFB-4259-960F-885B8086AD64}
		{95CF4E27-44D0-4664-9C50-CA9155A21843} = {735FA218-B2FB-486A-9505-EBB49A5FF88A}
		{F8E4BAB3-9DCA-4863-9AE8-A9B46AE75B19} = {735FA218-B2FB-486A-9505-EBB49A5FF88A}
	EndGlobalSection
	GlobalSection(ExtensibilityGlobals) = postSolution
		SolutionGuid = {A2D05A8F-A5FB-488B-BA10-81502F29D662}
	EndGlobalSection
EndGlobal
