
Microsoft Visual Studio Solution File, Format Version 12.00
# Visual Studio Version 17
VisualStudioVersion = 17.5.002.0
MinimumVisualStudioVersion = 10.0.40219.1
Project("{9A19103F-16F7-4668-BE54-9A1E7A4F7556}") = "HelloWorld", "HelloWorld\HelloWorld.csproj", "{EAB365B2-1F83-4E21-9912-8509BA34A610}"
EndProject
Project("{2150E333-8FDC-42A3-9474-1A3956D46DE8}") = "HelloWorld (1)", "HelloWorld", "{604E91FD-02F1-4769-987D-9166456BDC1D}"
EndProject
Project("{2150E333-8FDC-42A3-9474-1A3956D46DE8}") = "Kapitel-1", "Kapitel-1", "{19B092B1-395D-48EA-853B-7339A9BA205D}"
EndProject
Project("{9A19103F-16F7-4668-BE54-9A1E7A4F7556}") = "Lucktext", "HelloWorld\Kapitel-1\Lucktext\Lucktext.csproj", "{A8145033-69CC-4415-B21F-03774F4A7188}"
EndProject
Project("{9A19103F-16F7-4668-BE54-9A1E7A4F7556}") = "Registrering", "HelloWorld\Kapitel-1\Registrering\Registrering.csproj", "{5DD71682-CCF3-47FA-AFDB-42A0CEAD16AE}"
EndProject
Project("{2150E333-8FDC-42A3-9474-1A3956D46DE8}") = "Kapitel-3", "Kapitel-3", "{48F43F9A-08B3-4904-87FC-31F5215F5941}"
EndProject
Project("{9A19103F-16F7-4668-BE54-9A1E7A4F7556}") = "EngChart", "HelloWorld\Kapitel-3\EngChart\EngChart.csproj", "{457845DF-6746-4ECD-B834-C7F2B3EBDB63}"
EndProject
Project("{9A19103F-16F7-4668-BE54-9A1E7A4F7556}") = "InteravtivStory", "HelloWorld\Kapitel-3\InteravtivStory\InteravtivStory.csproj", "{575D867E-D7F8-4107-8652-CF868FB6BF4F}"
EndProject
Global
	GlobalSection(SolutionConfigurationPlatforms) = preSolution
		Debug|Any CPU = Debug|Any CPU
		Release|Any CPU = Release|Any CPU
	EndGlobalSection
	GlobalSection(ProjectConfigurationPlatforms) = postSolution
		{EAB365B2-1F83-4E21-9912-8509BA34A610}.Debug|Any CPU.ActiveCfg = Debug|Any CPU
		{EAB365B2-1F83-4E21-9912-8509BA34A610}.Debug|Any CPU.Build.0 = Debug|Any CPU
		{EAB365B2-1F83-4E21-9912-8509BA34A610}.Release|Any CPU.ActiveCfg = Release|Any CPU
		{EAB365B2-1F83-4E21-9912-8509BA34A610}.Release|Any CPU.Build.0 = Release|Any CPU
		{A8145033-69CC-4415-B21F-03774F4A7188}.Debug|Any CPU.ActiveCfg = Debug|Any CPU
		{A8145033-69CC-4415-B21F-03774F4A7188}.Debug|Any CPU.Build.0 = Debug|Any CPU
		{A8145033-69CC-4415-B21F-03774F4A7188}.Release|Any CPU.ActiveCfg = Release|Any CPU
		{A8145033-69CC-4415-B21F-03774F4A7188}.Release|Any CPU.Build.0 = Release|Any CPU
		{5DD71682-CCF3-47FA-AFDB-42A0CEAD16AE}.Debug|Any CPU.ActiveCfg = Debug|Any CPU
		{5DD71682-CCF3-47FA-AFDB-42A0CEAD16AE}.Debug|Any CPU.Build.0 = Debug|Any CPU
		{5DD71682-CCF3-47FA-AFDB-42A0CEAD16AE}.Release|Any CPU.ActiveCfg = Release|Any CPU
		{5DD71682-CCF3-47FA-AFDB-42A0CEAD16AE}.Release|Any CPU.Build.0 = Release|Any CPU
		{457845DF-6746-4ECD-B834-C7F2B3EBDB63}.Debug|Any CPU.ActiveCfg = Debug|Any CPU
		{457845DF-6746-4ECD-B834-C7F2B3EBDB63}.Debug|Any CPU.Build.0 = Debug|Any CPU
		{457845DF-6746-4ECD-B834-C7F2B3EBDB63}.Release|Any CPU.ActiveCfg = Release|Any CPU
		{457845DF-6746-4ECD-B834-C7F2B3EBDB63}.Release|Any CPU.Build.0 = Release|Any CPU
		{575D867E-D7F8-4107-8652-CF868FB6BF4F}.Debug|Any CPU.ActiveCfg = Debug|Any CPU
		{575D867E-D7F8-4107-8652-CF868FB6BF4F}.Debug|Any CPU.Build.0 = Debug|Any CPU
		{575D867E-D7F8-4107-8652-CF868FB6BF4F}.Release|Any CPU.ActiveCfg = Release|Any CPU
		{575D867E-D7F8-4107-8652-CF868FB6BF4F}.Release|Any CPU.Build.0 = Release|Any CPU
	EndGlobalSection
	GlobalSection(SolutionProperties) = preSolution
		HideSolutionNode = FALSE
	EndGlobalSection
	GlobalSection(NestedProjects) = preSolution
		{19B092B1-395D-48EA-853B-7339A9BA205D} = {604E91FD-02F1-4769-987D-9166456BDC1D}
		{A8145033-69CC-4415-B21F-03774F4A7188} = {19B092B1-395D-48EA-853B-7339A9BA205D}
		{5DD71682-CCF3-47FA-AFDB-42A0CEAD16AE} = {19B092B1-395D-48EA-853B-7339A9BA205D}
		{48F43F9A-08B3-4904-87FC-31F5215F5941} = {604E91FD-02F1-4769-987D-9166456BDC1D}
		{457845DF-6746-4ECD-B834-C7F2B3EBDB63} = {48F43F9A-08B3-4904-87FC-31F5215F5941}
		{575D867E-D7F8-4107-8652-CF868FB6BF4F} = {48F43F9A-08B3-4904-87FC-31F5215F5941}
	EndGlobalSection
	GlobalSection(ExtensibilityGlobals) = postSolution
		SolutionGuid = {A2D05A8F-A5FB-488B-BA10-81502F29D662}
	EndGlobalSection
EndGlobal
