
Microsoft Visual Studio Solution File, Format Version 12.00
# Visual Studio Version 17
VisualStudioVersion = 17.5.002.0
MinimumVisualStudioVersion = 10.0.40219.1
Project("{9A19103F-16F7-4668-BE54-9A1E7A4F7556}") = "HelloWorld", "HelloWorld.csproj", "{BBF421CA-9347-4567-8F33-5E6E3246F09A}"
EndProject
Global
	GlobalSection(SolutionConfigurationPlatforms) = preSolution
		Debug|Any CPU = Debug|Any CPU
		Release|Any CPU = Release|Any CPU
	EndGlobalSection
	GlobalSection(ProjectConfigurationPlatforms) = postSolution
		{BBF421CA-9347-4567-8F33-5E6E3246F09A}.Debug|Any CPU.ActiveCfg = Debug|Any CPU
		{BBF421CA-9347-4567-8F33-5E6E3246F09A}.Debug|Any CPU.Build.0 = Debug|Any CPU
		{BBF421CA-9347-4567-8F33-5E6E3246F09A}.Release|Any CPU.ActiveCfg = Release|Any CPU
		{BBF421CA-9347-4567-8F33-5E6E3246F09A}.Release|Any CPU.Build.0 = Release|Any CPU
	EndGlobalSection
	GlobalSection(SolutionProperties) = preSolution
		HideSolutionNode = FALSE
	EndGlobalSection
	GlobalSection(ExtensibilityGlobals) = postSolution
		SolutionGuid = {C1E11BD4-1C2D-4713-9BA7-3DAF10897B06}
	EndGlobalSection
EndGlobal
